// !$*UTF8*$!
{
	archiveVersion = 1;
	classes = {
	};
	objectVersion = 50;
	objects = {

/* Begin PBXBuildFile section */
		66CB7B3F22D108F100F22092 /* AppDelegate.m in Sources */ = {isa = PBXBuildFile; fileRef = 66CB7B3E22D108F100F22092 /* AppDelegate.m */; };
		66CB7B4222D108F100F22092 /* SceneDelegate.m in Sources */ = {isa = PBXBuildFile; fileRef = 66CB7B4122D108F100F22092 /* SceneDelegate.m */; };
		66CB7B4522D108F100F22092 /* ViewController.m in Sources */ = {isa = PBXBuildFile; fileRef = 66CB7B4422D108F100F22092 /* ViewController.m */; };
		66CB7B4822D108F100F22092 /* Main.storyboard in Resources */ = {isa = PBXBuildFile; fileRef = 66CB7B4622D108F100F22092 /* Main.storyboard */; };
		66CB7B4A22D108F200F22092 /* Assets.xcassets in Resources */ = {isa = PBXBuildFile; fileRef = 66CB7B4922D108F200F22092 /* Assets.xcassets */; };
		66CB7B4D22D108F200F22092 /* LaunchScreen.storyboard in Resources */ = {isa = PBXBuildFile; fileRef = 66CB7B4B22D108F200F22092 /* LaunchScreen.storyboard */; };
		66CB7B5022D108F200F22092 /* main.m in Sources */ = {isa = PBXBuildFile; fileRef = 66CB7B4F22D108F200F22092 /* main.m */; };
/* End PBXBuildFile section */

/* Begin PBXFileReference section */
		66CB7B3A22D108F100F22092 /* MultiSceneTest.app */ = {isa = PBXFileReference; explicitFileType = wrapper.application; includeInIndex = 0; path = MultiSceneTest.app; sourceTree = BUILT_PRODUCTS_DIR; };
		66CB7B3D22D108F100F22092 /* AppDelegate.h */ = {isa = PBXFileReference; lastKnownFileType = sourcecode.c.h; path = AppDelegate.h; sourceTree = "<group>"; };
		66CB7B3E22D108F100F22092 /* AppDelegate.m */ = {isa = PBXFileReference; lastKnownFileType = sourcecode.c.objc; path = AppDelegate.m; sourceTree = "<group>"; };
		66CB7B4022D108F100F22092 /* SceneDelegate.h */ = {isa = PBXFileReference; lastKnownFileType = sourcecode.c.h; path = SceneDelegate.h; sourceTree = "<group>"; };
		66CB7B4122D108F100F22092 /* SceneDelegate.m */ = {isa = PBXFileReference; lastKnownFileType = sourcecode.c.objc; path = SceneDelegate.m; sourceTree = "<group>"; };
		66CB7B4322D108F100F22092 /* ViewController.h */ = {isa = PBXFileReference; lastKnownFileType = sourcecode.c.h; path = ViewController.h; sourceTree = "<group>"; };
		66CB7B4422D108F100F22092 /* ViewController.m */ = {isa = PBXFileReference; lastKnownFileType = sourcecode.c.objc; path = ViewController.m; sourceTree = "<group>"; };
		66CB7B4722D108F100F22092 /* Base */ = {isa = PBXFileReference; lastKnownFileType = file.storyboard; name = Base; path = Base.lproj/Main.storyboard; sourceTree = "<group>"; };
		66CB7B4922D108F200F22092 /* Assets.xcassets */ = {isa = PBXFileReference; lastKnownFileType = folder.assetcatalog; path = Assets.xcassets; sourceTree = "<group>"; };
		66CB7B4C22D108F200F22092 /* Base */ = {isa = PBXFileReference; lastKnownFileType = file.storyboard; name = Base; path = Base.lproj/LaunchScreen.storyboard; sourceTree = "<group>"; };
		66CB7B4E22D108F200F22092 /* Info.plist */ = {isa = PBXFileReference; lastKnownFileType = text.plist.xml; path = Info.plist; sourceTree = "<group>"; };
		66CB7B4F22D108F200F22092 /* main.m */ = {isa = PBXFileReference; lastKnownFileType = sourcecode.c.objc; path = main.m; sourceTree = "<group>"; };
		66CB7B5622D108F900F22092 /* MultiSceneTest.entitlements */ = {isa = PBXFileReference; lastKnownFileType = text.plist.entitlements; path = MultiSceneTest.entitlements; sourceTree = "<group>"; };
/* End PBXFileReference section */

/* Begin PBXFrameworksBuildPhase section */
		66CB7B3722D108F100F22092 /* Frameworks */ = {
			isa = PBXFrameworksBuildPhase;
			buildActionMask = 2147483647;
			files = (
			);
			runOnlyForDeploymentPostprocessing = 0;
		};
/* End PBXFrameworksBuildPhase section */

/* Begin PBXGroup section */
		66CB7B3122D108F100F22092 = {
			isa = PBXGroup;
			children = (
				66CB7B3C22D108F100F22092 /* MultiSceneTest */,
				66CB7B3B22D108F100F22092 /* Products */,
			);
			sourceTree = "<group>";
		};
		66CB7B3B22D108F100F22092 /* Products */ = {
			isa = PBXGroup;
			children = (
				66CB7B3A22D108F100F22092 /* MultiSceneTest.app */,
			);
			name = Products;
			sourceTree = "<group>";
		};
		66CB7B3C22D108F100F22092 /* MultiSceneTest */ = {
			isa = PBXGroup;
			children = (
				66CB7B5622D108F900F22092 /* MultiSceneTest.entitlements */,
				66CB7B3D22D108F100F22092 /* AppDelegate.h */,
				66CB7B3E22D108F100F22092 /* AppDelegate.m */,
				66CB7B4022D108F100F22092 /* SceneDelegate.h */,
				66CB7B4122D108F100F22092 /* SceneDelegate.m */,
				66CB7B4322D108F100F22092 /* ViewController.h */,
				66CB7B4422D108F100F22092 /* ViewController.m */,
				66CB7B4622D108F100F22092 /* Main.storyboard */,
				66CB7B4922D108F200F22092 /* Assets.xcassets */,
				66CB7B4B22D108F200F22092 /* LaunchScreen.storyboard */,
				66CB7B4E22D108F200F22092 /* Info.plist */,
				66CB7B4F22D108F200F22092 /* main.m */,
			);
			path = MultiSceneTest;
			sourceTree = "<group>";
		};
/* End PBXGroup section */

/* Begin PBXNativeTarget section */
		66CB7B3922D108F100F22092 /* MultiSceneTest */ = {
			isa = PBXNativeTarget;
			buildConfigurationList = 66CB7B5322D108F200F22092 /* Build configuration list for PBXNativeTarget "MultiSceneTest" */;
			buildPhases = (
				66CB7B3622D108F100F22092 /* Sources */,
				66CB7B3722D108F100F22092 /* Frameworks */,
				66CB7B3822D108F100F22092 /* Resources */,
			);
			buildRules = (
			);
			dependencies = (
			);
			name = MultiSceneTest;
			productName = MultiSceneTest;
			productReference = 66CB7B3A22D108F100F22092 /* MultiSceneTest.app */;
			productType = "com.apple.product-type.application";
		};
/* End PBXNativeTarget section */

/* Begin PBXProject section */
		66CB7B3222D108F100F22092 /* Project object */ = {
			isa = PBXProject;
			attributes = {
				LastUpgradeCheck = 1100;
				ORGANIZATIONNAME = adam;
				TargetAttributes = {
					66CB7B3922D108F100F22092 = {
						CreatedOnToolsVersion = 11.0;
					};
				};
			};
			buildConfigurationList = 66CB7B3522D108F100F22092 /* Build configuration list for PBXProject "MultiSceneTest" */;
			compatibilityVersion = "Xcode 9.3";
			developmentRegion = en;
			hasScannedForEncodings = 0;
			knownRegions = (
				en,
				Base,
			);
			mainGroup = 66CB7B3122D108F100F22092;
			productRefGroup = 66CB7B3B22D108F100F22092 /* Products */;
			projectDirPath = "";
			projectRoot = "";
			targets = (
				66CB7B3922D108F100F22092 /* MultiSceneTest */,
			);
		};
/* End PBXProject section */

/* Begin PBXResourcesBuildPhase section */
		66CB7B3822D108F100F22092 /* Resources */ = {
			isa = PBXResourcesBuildPhase;
			buildActionMask = 2147483647;
			files = (
				66CB7B4D22D108F200F22092 /* LaunchScreen.storyboard in Resources */,
				66CB7B4A22D108F200F22092 /* Assets.xcassets in Resources */,
				66CB7B4822D108F100F22092 /* Main.storyboard in Resources */,
			);
			runOnlyForDeploymentPostprocessing = 0;
		};
/* End PBXResourcesBuildPhase section */

/* Begin PBXSourcesBuildPhase section */
		66CB7B3622D108F100F22092 /* Sources */ = {
			isa = PBXSourcesBuildPhase;
			buildActionMask = 2147483647;
			files = (
				66CB7B4522D108F100F22092 /* ViewController.m in Sources */,
				66CB7B3F22D108F100F22092 /* AppDelegate.m in Sources */,
				66CB7B5022D108F200F22092 /* main.m in Sources */,
				66CB7B4222D108F100F22092 /* SceneDelegate.m in Sources */,
			);
			runOnlyForDeploymentPostprocessing = 0;
		};
/* End PBXSourcesBuildPhase section */

/* Begin PBXVariantGroup section */
		66CB7B4622D108F100F22092 /* Main.storyboard */ = {
			isa = PBXVariantGroup;
			children = (
				66CB7B4722D108F100F22092 /* Base */,
			);
			name = Main.storyboard;
			sourceTree = "<group>";
		};
		66CB7B4B22D108F200F22092 /* LaunchScreen.storyboard */ = {
			isa = PBXVariantGroup;
			children = (
				66CB7B4C22D108F200F22092 /* Base */,
			);
			name = LaunchScreen.storyboard;
			sourceTree = "<group>";
		};
/* End PBXVariantGroup section */

/* Begin XCBuildConfiguration section */
		66CB7B5122D108F200F22092 /* Debug */ = {
			isa = XCBuildConfiguration;
			buildSettings = {
				ALWAYS_SEARCH_USER_PATHS = NO;
				CLANG_ANALYZER_NONNULL = YES;
				CLANG_ANALYZER_NUMBER_OBJECT_CONVERSION = YES_AGGRESSIVE;
				CLANG_CXX_LANGUAGE_STANDARD = "gnu++14";
				CLANG_CXX_LIBRARY = "libc++";
				CLANG_ENABLE_MODULES = YES;
				CLANG_ENABLE_OBJC_ARC = YES;
				CLANG_ENABLE_OBJC_WEAK = YES;
				CLANG_WARN_BLOCK_CAPTURE_AUTORELEASING = YES;
				CLANG_WARN_BOOL_CONVERSION = YES;
				CLANG_WARN_COMMA = YES;
				CLANG_WARN_CONSTANT_CONVERSION = YES;
				CLANG_WARN_DEPRECATED_OBJC_IMPLEMENTATIONS = YES;
				CLANG_WARN_DIRECT_OBJC_ISA_USAGE = YES_ERROR;
				CLANG_WARN_DOCUMENTATION_COMMENTS = YES;
				CLANG_WARN_EMPTY_BODY = YES;
				CLANG_WARN_ENUM_CONVERSION = YES;
				CLANG_WARN_INFINITE_RECURSION = YES;
				CLANG_WARN_INT_CONVERSION = YES;
				CLANG_WARN_NON_LITERAL_NULL_CONVERSION = YES;
				CLANG_WARN_OBJC_IMPLICIT_RETAIN_SELF = YES;
				CLANG_WARN_OBJC_LITERAL_CONVERSION = YES;
				CLANG_WARN_OBJC_ROOT_CLASS = YES_ERROR;
				CLANG_WARN_RANGE_LOOP_ANALYSIS = YES;
				CLANG_WARN_STRICT_PROTOTYPES = YES;
				CLANG_WARN_SUSPICIOUS_MOVE = YES;
				CLANG_WARN_UNGUARDED_AVAILABILITY = YES_AGGRESSIVE;
				CLANG_WARN_UNREACHABLE_CODE = YES;
				CLANG_WARN__DUPLICATE_METHOD_MATCH = YES;
				COPY_PHASE_STRIP = NO;
				DEBUG_INFORMATION_FORMAT = dwarf;
				ENABLE_STRICT_OBJC_MSGSEND = YES;
				ENABLE_TESTABILITY = YES;
				GCC_C_LANGUAGE_STANDARD = gnu11;
				GCC_DYNAMIC_NO_PIC = NO;
				GCC_NO_COMMON_BLOCKS = YES;
				GCC_OPTIMIZATION_LEVEL = 0;
				GCC_PREPROCESSOR_DEFINITIONS = (
					"DEBUG=1",
					"$(inherited)",
				);
				GCC_WARN_64_TO_32_BIT_CONVERSION = YES;
				GCC_WARN_ABOUT_RETURN_TYPE = YES_ERROR;
				GCC_WARN_UNDECLARED_SELECTOR = YES;
				GCC_WARN_UNINITIALIZED_AUTOS = YES_AGGRESSIVE;
				GCC_WARN_UNUSED_FUNCTION = YES;
				GCC_WARN_UNUSED_VARIABLE = YES;
				IPHONEOS_DEPLOYMENT_TARGET = 13.0;
				MTL_ENABLE_DEBUG_INFO = INCLUDE_SOURCE;
				MTL_FAST_MATH = YES;
				ONLY_ACTIVE_ARCH = YES;
				SDKROOT = iphoneos;
			};
			name = Debug;
		};
		66CB7B5222D108F200F22092 /* Release */ = {
			isa = XCBuildConfiguration;
			buildSettings = {
				ALWAYS_SEARCH_USER_PATHS = NO;
				CLANG_ANALYZER_NONNULL = YES;
				CLANG_ANALYZER_NUMBER_OBJECT_CONVERSION = YES_AGGRESSIVE;
				CLANG_CXX_LANGUAGE_STANDARD = "gnu++14";
				CLANG_CXX_LIBRARY = "libc++";
				CLANG_ENABLE_MODULES = YES;
				CLANG_ENABLE_OBJC_ARC = YES;
				CLANG_ENABLE_OBJC_WEAK = YES;
				CLANG_WARN_BLOCK_CAPTURE_AUTORELEASING = YES;
				CLANG_WARN_BOOL_CONVERSION = YES;
				CLANG_WARN_COMMA = YES;
				CLANG_WARN_CONSTANT_CONVERSION = YES;
				CLANG_WARN_DEPRECATED_OBJC_IMPLEMENTATIONS = YES;
				CLANG_WARN_DIRECT_OBJC_ISA_USAGE = YES_ERROR;
				CLANG_WARN_DOCUMENTATION_COMMENTS = YES;
				CLANG_WARN_EMPTY_BODY = YES;
				CLANG_WARN_ENUM_CONVERSION = YES;
				CLANG_WARN_INFINITE_RECURSION = YES;
				CLANG_WARN_INT_CONVERSION = YES;
				CLANG_WARN_NON_LITERAL_NULL_CONVERSION = YES;
				CLANG_WARN_OBJC_IMPLICIT_RETAIN_SELF = YES;
				CLANG_WARN_OBJC_LITERAL_CONVERSION = YES;
				CLANG_WARN_OBJC_ROOT_CLASS = YES_ERROR;
				CLANG_WARN_RANGE_LOOP_ANALYSIS = YES;
				CLANG_WARN_STRICT_PROTOTYPES = YES;
				CLANG_WARN_SUSPICIOUS_MOVE = YES;
				CLANG_WARN_UNGUARDED_AVAILABILITY = YES_AGGRESSIVE;
				CLANG_WARN_UNREACHABLE_CODE = YES;
				CLANG_WARN__DUPLICATE_METHOD_MATCH = YES;
				COPY_PHASE_STRIP = NO;
				DEBUG_INFORMATION_FORMAT = "dwarf-with-dsym";
				ENABLE_NS_ASSERTIONS = NO;
				ENABLE_STRICT_OBJC_MSGSEND = YES;
				GCC_C_LANGUAGE_STANDARD = gnu11;
				GCC_NO_COMMON_BLOCKS = YES;
				GCC_WARN_64_TO_32_BIT_CONVERSION = YES;
				GCC_WARN_ABOUT_RETURN_TYPE = YES_ERROR;
				GCC_WARN_UNDECLARED_SELECTOR = YES;
				GCC_WARN_UNINITIALIZED_AUTOS = YES_AGGRESSIVE;
				GCC_WARN_UNUSED_FUNCTION = YES;
				GCC_WARN_UNUSED_VARIABLE = YES;
				IPHONEOS_DEPLOYMENT_TARGET = 13.0;
				MTL_ENABLE_DEBUG_INFO = NO;
				MTL_FAST_MATH = YES;
				SDKROOT = iphoneos;
				VALIDATE_PRODUCT = YES;
			};
			name = Release;
		};
		66CB7B5422D108F200F22092 /* Debug */ = {
			isa = XCBuildConfiguration;
			buildSettings = {
				ASSETCATALOG_COMPILER_APPICON_NAME = AppIcon;
				CODE_SIGN_ENTITLEMENTS = MultiSceneTest/MultiSceneTest.entitlements;
				CODE_SIGN_STYLE = Automatic;
				DERIVE_UIKITFORMAC_PRODUCT_BUNDLE_IDENTIFIER = YES;
				DEVELOPMENT_TEAM = Z25UM7P66S;
				INFOPLIST_FILE = MultiSceneTest/Info.plist;
				LD_RUNPATH_SEARCH_PATHS = (
					"$(inherited)",
					"@executable_path/Frameworks",
				);
				PRODUCT_BUNDLE_IDENTIFIER = com.overdesigned.MultiSceneTest;
				PRODUCT_NAME = "$(TARGET_NAME)";
				SUPPORTS_UIKITFORMAC = YES;
				TARGETED_DEVICE_FAMILY = "1,2";
			};
			name = Debug;
		};
		66CB7B5522D108F200F22092 /* Release */ = {
			isa = XCBuildConfiguration;
			buildSettings = {
				ASSETCATALOG_COMPILER_APPICON_NAME = AppIcon;
				CODE_SIGN_ENTITLEMENTS = MultiSceneTest/MultiSceneTest.entitlements;
				CODE_SIGN_STYLE = Automatic;
				DERIVE_UIKITFORMAC_PRODUCT_BUNDLE_IDENTIFIER = YES;
				DEVELOPMENT_TEAM = Z25UM7P66S;
				INFOPLIST_FILE = MultiSceneTest/Info.plist;
				LD_RUNPATH_SEARCH_PATHS = (
					"$(inherited)",
					"@executable_path/Frameworks",
				);
				PRODUCT_BUNDLE_IDENTIFIER = com.overdesigned.MultiSceneTest;
				PRODUCT_NAME = "$(TARGET_NAME)";
				SUPPORTS_UIKITFORMAC = YES;
				TARGETED_DEVICE_FAMILY = "1,2";
			};
			name = Release;
		};
/* End XCBuildConfiguration section */

/* Begin XCConfigurationList section */
		66CB7B3522D108F100F22092 /* Build configuration list for PBXProject "MultiSceneTest" */ = {
			isa = XCConfigurationList;
			buildConfigurations = (
				66CB7B5122D108F200F22092 /* Debug */,
				66CB7B5222D108F200F22092 /* Release */,
			);
			defaultConfigurationIsVisible = 0;
			defaultConfigurationName = Release;
		};
		66CB7B5322D108F200F22092 /* Build configuration list for PBXNativeTarget "MultiSceneTest" */ = {
			isa = XCConfigurationList;
			buildConfigurations = (
				66CB7B5422D108F200F22092 /* Debug */,
				66CB7B5522D108F200F22092 /* Release */,
			);
			defaultConfigurationIsVisible = 0;
			defaultConfigurationName = Release;
		};
/* End XCConfigurationList section */
	};
	rootObject = 66CB7B3222D108F100F22092 /* Project object */;
}
